
Microsoft Visual Studio Solution File, Format Version 12.00
# Visual Studio 15
VisualStudioVersion = 15.0.26730.8
MinimumVisualStudioVersion = 10.0.40219.1
Project("{8BC9CEB8-8B4A-11D0-8D11-00A0C91BC942}") = "Animalchess", "Animalchess\Animalchess.vcxproj", "{9310A22D-3481-4E98-9A8E-BA616E462934}"
EndProject
Global
	GlobalSection(SolutionConfigurationPlatforms) = preSolution
		Debug|x64 = Debug|x64
		Debug|x86 = Debug|x86
		Release|x64 = Release|x64
		Release|x86 = Release|x86
	EndGlobalSection
	GlobalSection(ProjectConfigurationPlatforms) = postSolution
		{9310A22D-3481-4E98-9A8E-BA616E462934}.Debug|x64.ActiveCfg = Debug|x64
		{9310A22D-3481-4E98-9A8E-BA616E462934}.Debug|x64.Build.0 = Debug|x64
		{9310A22D-3481-4E98-9A8E-BA616E462934}.Debug|x86.ActiveCfg = Debug|Win32
		{9310A22D-3481-4E98-9A8E-BA616E462934}.Debug|x86.Build.0 = Debug|Win32
		{9310A22D-3481-4E98-9A8E-BA616E462934}.Release|x64.ActiveCfg = Release|x64
		{9310A22D-3481-4E98-9A8E-BA616E462934}.Release|x64.Build.0 = Release|x64
		{9310A22D-3481-4E98-9A8E-BA616E462934}.Release|x86.ActiveCfg = Release|Win32
		{9310A22D-3481-4E98-9A8E-BA616E462934}.Release|x86.Build.0 = Release|Win32
	EndGlobalSection
	GlobalSection(SolutionProperties) = preSolution
		HideSolutionNode = FALSE
	EndGlobalSection
	GlobalSection(ExtensibilityGlobals) = postSolution
		SolutionGuid = {4262B5C4-D08B-4554-A7E5-D9D2751C5AAD}
	EndGlobalSection
EndGlobal
